
Microsoft Visual Studio Solution File, Format Version 12.00
# Visual Studio Version 17
VisualStudioVersion = 17.0.32112.339
MinimumVisualStudioVersion = 10.0.40219.1
Project("{FAE04EC0-301F-11D3-BF4B-00C04F79EFBC}") = "Empleado(L5)", "Empleado(L5).csproj", "{DBCF04C4-2902-4970-BDB0-5960D097B09C}"
EndProject
Global
	GlobalSection(SolutionConfigurationPlatforms) = preSolution
		Debug|Any CPU = Debug|Any CPU
		Release|Any CPU = Release|Any CPU
	EndGlobalSection
	GlobalSection(ProjectConfigurationPlatforms) = postSolution
		{DBCF04C4-2902-4970-BDB0-5960D097B09C}.Debug|Any CPU.ActiveCfg = Debug|Any CPU
		{DBCF04C4-2902-4970-BDB0-5960D097B09C}.Debug|Any CPU.Build.0 = Debug|Any CPU
		{DBCF04C4-2902-4970-BDB0-5960D097B09C}.Release|Any CPU.ActiveCfg = Release|Any CPU
		{DBCF04C4-2902-4970-BDB0-5960D097B09C}.Release|Any CPU.Build.0 = Release|Any CPU
	EndGlobalSection
	GlobalSection(SolutionProperties) = preSolution
		HideSolutionNode = FALSE
	EndGlobalSection
	GlobalSection(ExtensibilityGlobals) = postSolution
		SolutionGuid = {03132496-29F5-4056-9D19-970EE5273BE3}
	EndGlobalSection
EndGlobal
